
Microsoft Visual Studio Solution File, Format Version 12.00
# Visual Studio Version 17
VisualStudioVersion = 17.5.33424.131
MinimumVisualStudioVersion = 10.0.40219.1
Project("{FAE04EC0-301F-11D3-BF4B-00C04F79EFBC}") = "Semestr1_Lekcja5_2023", "Semestr1_Lekcja5_2023\Semestr1_Lekcja5_2023.csproj", "{35FFEE56-4480-482F-90CF-5CF3028260F2}"
EndProject
Project("{FAE04EC0-301F-11D3-BF4B-00C04F79EFBC}") = "OperatoryLogiczne", "OperatoryLogiczne\OperatoryLogiczne.csproj", "{7B4B50B8-1970-4E5E-B6B0-CD125A19B59E}"
EndProject
Global
	GlobalSection(SolutionConfigurationPlatforms) = preSolution
		Debug|Any CPU = Debug|Any CPU
		Release|Any CPU = Release|Any CPU
	EndGlobalSection
	GlobalSection(ProjectConfigurationPlatforms) = postSolution
		{35FFEE56-4480-482F-90CF-5CF3028260F2}.Debug|Any CPU.ActiveCfg = Debug|Any CPU
		{35FFEE56-4480-482F-90CF-5CF3028260F2}.Debug|Any CPU.Build.0 = Debug|Any CPU
		{35FFEE56-4480-482F-90CF-5CF3028260F2}.Release|Any CPU.ActiveCfg = Release|Any CPU
		{35FFEE56-4480-482F-90CF-5CF3028260F2}.Release|Any CPU.Build.0 = Release|Any CPU
		{7B4B50B8-1970-4E5E-B6B0-CD125A19B59E}.Debug|Any CPU.ActiveCfg = Debug|Any CPU
		{7B4B50B8-1970-4E5E-B6B0-CD125A19B59E}.Debug|Any CPU.Build.0 = Debug|Any CPU
		{7B4B50B8-1970-4E5E-B6B0-CD125A19B59E}.Release|Any CPU.ActiveCfg = Release|Any CPU
		{7B4B50B8-1970-4E5E-B6B0-CD125A19B59E}.Release|Any CPU.Build.0 = Release|Any CPU
	EndGlobalSection
	GlobalSection(SolutionProperties) = preSolution
		HideSolutionNode = FALSE
	EndGlobalSection
	GlobalSection(ExtensibilityGlobals) = postSolution
		SolutionGuid = {B762A344-74AF-4989-B5C5-FB368496782D}
	EndGlobalSection
EndGlobal
